// !$*UTF8*$!
{
	archiveVersion = 1;
	classes = {
	};
	objectVersion = 46;
	objects = {

/* Begin PBXBuildFile section */
		05F7286D1E98148D003F21BE /* main.cpp in Sources */ = {isa = PBXBuildFile; fileRef = 05F7286C1E98148D003F21BE /* main.cpp */; };
/* End PBXBuildFile section */

/* Begin PBXCopyFilesBuildPhase section */
		05F728671E98148D003F21BE /* CopyFiles */ = {
			isa = PBXCopyFilesBuildPhase;
			buildActionMask = 2147483647;
			dstPath = /usr/share/man/man1/;
			dstSubfolderSpec = 0;
			files = (
			);
			runOnlyForDeploymentPostprocessing = 1;
		};
/* End PBXCopyFilesBuildPhase section */

/* Begin PBXFileReference section */
		05F728691E98148D003F21BE /* Breadth First Search: Shortest Reach */ = {isa = PBXFileReference; explicitFileType = "compiled.mach-o.executable"; includeInIndex = 0; path = "Breadth First Search: Shortest Reach"; sourceTree = BUILT_PRODUCTS_DIR; };
		05F7286C1E98148D003F21BE /* main.cpp */ = {isa = PBXFileReference; lastKnownFileType = sourcecode.cpp.cpp; path = main.cpp; sourceTree = "<group>"; };
/* End PBXFileReference section */

/* Begin PBXFrameworksBuildPhase section */
		05F728661E98148D003F21BE /* Frameworks */ = {
			isa = PBXFrameworksBuildPhase;
			buildActionMask = 2147483647;
			files = (
			);
			runOnlyForDeploymentPostprocessing = 0;
		};
/* End PBXFrameworksBuildPhase section */

/* Begin PBXGroup section */
		05F728601E98148D003F21BE = {
			isa = PBXGroup;
			children = (
				05F7286B1E98148D003F21BE /* Breadth First Search: Shortest Reach */,
				05F7286A1E98148D003F21BE /* Products */,
			);
			sourceTree = "<group>";
		};
		05F7286A1E98148D003F21BE /* Products */ = {
			isa = PBXGroup;
			children = (
				05F728691E98148D003F21BE /* Breadth First Search: Shortest Reach */,
			);
			name = Products;
			sourceTree = "<group>";
		};
		05F7286B1E98148D003F21BE /* Breadth First Search: Shortest Reach */ = {
			isa = PBXGroup;
			children = (
				05F7286C1E98148D003F21BE /* main.cpp */,
			);
			path = "Breadth First Search: Shortest Reach";
			sourceTree = "<group>";
		};
/* End PBXGroup section */

/* Begin PBXNativeTarget section */
		05F728681E98148D003F21BE /* Breadth First Search: Shortest Reach */ = {
			isa = PBXNativeTarget;
			buildConfigurationList = 05F728701E98148D003F21BE /* Build configuration list for PBXNativeTarget "Breadth First Search: Shortest Reach" */;
			buildPhases = (
				05F728651E98148D003F21BE /* Sources */,
				05F728661E98148D003F21BE /* Frameworks */,
				05F728671E98148D003F21BE /* CopyFiles */,
			);
			buildRules = (
			);
			dependencies = (
			);
			name = "Breadth First Search: Shortest Reach";
			productName = "Breadth First Search: Shortest Reach";
			productReference = 05F728691E98148D003F21BE /* Breadth First Search: Shortest Reach */;
			productType = "com.apple.product-type.tool";
		};
/* End PBXNativeTarget section */

/* Begin PBXProject section */
		05F728611E98148D003F21BE /* Project object */ = {
			isa = PBXProject;
			attributes = {
				LastUpgradeCheck = 0830;
				ORGANIZATIONNAME = "Eastern University";
				TargetAttributes = {
					05F728681E98148D003F21BE = {
						CreatedOnToolsVersion = 8.3;
						DevelopmentTeam = 9BS6UYQ9N9;
						ProvisioningStyle = Automatic;
					};
				};
			};
			buildConfigurationList = 05F728641E98148D003F21BE /* Build configuration list for PBXProject "Breadth First Search: Shortest Reach" */;
			compatibilityVersion = "Xcode 3.2";
			developmentRegion = English;
			hasScannedForEncodings = 0;
			knownRegions = (
				en,
			);
			mainGroup = 05F728601E98148D003F21BE;
			productRefGroup = 05F7286A1E98148D003F21BE /* Products */;
			projectDirPath = "";
			projectRoot = "";
			targets = (
				05F728681E98148D003F21BE /* Breadth First Search: Shortest Reach */,
			);
		};
/* End PBXProject section */

/* Begin PBXSourcesBuildPhase section */
		05F728651E98148D003F21BE /* Sources */ = {
			isa = PBXSourcesBuildPhase;
			buildActionMask = 2147483647;
			files = (
				05F7286D1E98148D003F21BE /* main.cpp in Sources */,
			);
			runOnlyForDeploymentPostprocessing = 0;
		};
/* End PBXSourcesBuildPhase section */

/* Begin XCBuildConfiguration section */
		05F7286E1E98148D003F21BE /* Debug */ = {
			isa = XCBuildConfiguration;
			buildSettings = {
				ALWAYS_SEARCH_USER_PATHS = NO;
				CLANG_ANALYZER_NONNULL = YES;
				CLANG_ANALYZER_NUMBER_OBJECT_CONVERSION = YES_AGGRESSIVE;
				CLANG_CXX_LANGUAGE_STANDARD = "gnu++0x";
				CLANG_CXX_LIBRARY = "libc++";
				CLANG_ENABLE_MODULES = YES;
				CLANG_ENABLE_OBJC_ARC = YES;
				CLANG_WARN_BOOL_CONVERSION = YES;
				CLANG_WARN_CONSTANT_CONVERSION = YES;
				CLANG_WARN_DIRECT_OBJC_ISA_USAGE = YES_ERROR;
				CLANG_WARN_DOCUMENTATION_COMMENTS = YES;
				CLANG_WARN_EMPTY_BODY = YES;
				CLANG_WARN_ENUM_CONVERSION = YES;
				CLANG_WARN_INFINITE_RECURSION = YES;
				CLANG_WARN_INT_CONVERSION = YES;
				CLANG_WARN_OBJC_ROOT_CLASS = YES_ERROR;
				CLANG_WARN_SUSPICIOUS_MOVE = YES;
				CLANG_WARN_UNREACHABLE_CODE = YES;
				CLANG_WARN__DUPLICATE_METHOD_MATCH = YES;
				CODE_SIGN_IDENTITY = "-";
				COPY_PHASE_STRIP = NO;
				DEBUG_INFORMATION_FORMAT = dwarf;
				ENABLE_STRICT_OBJC_MSGSEND = YES;
				ENABLE_TESTABILITY = YES;
				GCC_C_LANGUAGE_STANDARD = gnu99;
				GCC_DYNAMIC_NO_PIC = NO;
				GCC_NO_COMMON_BLOCKS = YES;
				GCC_OPTIMIZATION_LEVEL = 0;
				GCC_PREPROCESSOR_DEFINITIONS = (
					"DEBUG=1",
					"$(inherited)",
				);
				GCC_WARN_64_TO_32_BIT_CONVERSION = YES;
				GCC_WARN_ABOUT_RETURN_TYPE = YES_ERROR;
				GCC_WARN_UNDECLARED_SELECTOR = YES;
				GCC_WARN_UNINITIALIZED_AUTOS = YES_AGGRESSIVE;
				GCC_WARN_UNUSED_FUNCTION = YES;
				GCC_WARN_UNUSED_VARIABLE = YES;
				MACOSX_DEPLOYMENT_TARGET = 10.12;
				MTL_ENABLE_DEBUG_INFO = YES;
				ONLY_ACTIVE_ARCH = YES;
				SDKROOT = macosx;
			};
			name = Debug;
		};
		05F7286F1E98148D003F21BE /* Release */ = {
			isa = XCBuildConfiguration;
			buildSettings = {
				ALWAYS_SEARCH_USER_PATHS = NO;
				CLANG_ANALYZER_NONNULL = YES;
				CLANG_ANALYZER_NUMBER_OBJECT_CONVERSION = YES_AGGRESSIVE;
				CLANG_CXX_LANGUAGE_STANDARD = "gnu++0x";
				CLANG_CXX_LIBRARY = "libc++";
				CLANG_ENABLE_MODULES = YES;
				CLANG_ENABLE_OBJC_ARC = YES;
				CLANG_WARN_BOOL_CONVERSION = YES;
				CLANG_WARN_CONSTANT_CONVERSION = YES;
				CLANG_WARN_DIRECT_OBJC_ISA_USAGE = YES_ERROR;
				CLANG_WARN_DOCUMENTATION_COMMENTS = YES;
				CLANG_WARN_EMPTY_BODY = YES;
				CLANG_WARN_ENUM_CONVERSION = YES;
				CLANG_WARN_INFINITE_RECURSION = YES;
				CLANG_WARN_INT_CONVERSION = YES;
				CLANG_WARN_OBJC_ROOT_CLASS = YES_ERROR;
				CLANG_WARN_SUSPICIOUS_MOVE = YES;
				CLANG_WARN_UNREACHABLE_CODE = YES;
				CLANG_WARN__DUPLICATE_METHOD_MATCH = YES;
				CODE_SIGN_IDENTITY = "-";
				COPY_PHASE_STRIP = NO;
				DEBUG_INFORMATION_FORMAT = "dwarf-with-dsym";
				ENABLE_NS_ASSERTIONS = NO;
				ENABLE_STRICT_OBJC_MSGSEND = YES;
				GCC_C_LANGUAGE_STANDARD = gnu99;
				GCC_NO_COMMON_BLOCKS = YES;
				GCC_WARN_64_TO_32_BIT_CONVERSION = YES;
				GCC_WARN_ABOUT_RETURN_TYPE = YES_ERROR;
				GCC_WARN_UNDECLARED_SELECTOR = YES;
				GCC_WARN_UNINITIALIZED_AUTOS = YES_AGGRESSIVE;
				GCC_WARN_UNUSED_FUNCTION = YES;
				GCC_WARN_UNUSED_VARIABLE = YES;
				MACOSX_DEPLOYMENT_TARGET = 10.12;
				MTL_ENABLE_DEBUG_INFO = NO;
				SDKROOT = macosx;
			};
			name = Release;
		};
		05F728711E98148D003F21BE /* Debug */ = {
			isa = XCBuildConfiguration;
			buildSettings = {
				DEVELOPMENT_TEAM = 9BS6UYQ9N9;
				PRODUCT_NAME = "$(TARGET_NAME)";
			};
			name = Debug;
		};
		05F728721E98148D003F21BE /* Release */ = {
			isa = XCBuildConfiguration;
			buildSettings = {
				DEVELOPMENT_TEAM = 9BS6UYQ9N9;
				PRODUCT_NAME = "$(TARGET_NAME)";
			};
			name = Release;
		};
/* End XCBuildConfiguration section */

/* Begin XCConfigurationList section */
		05F728641E98148D003F21BE /* Build configuration list for PBXProject "Breadth First Search: Shortest Reach" */ = {
			isa = XCConfigurationList;
			buildConfigurations = (
				05F7286E1E98148D003F21BE /* Debug */,
				05F7286F1E98148D003F21BE /* Release */,
			);
			defaultConfigurationIsVisible = 0;
			defaultConfigurationName = Release;
		};
		05F728701E98148D003F21BE /* Build configuration list for PBXNativeTarget "Breadth First Search: Shortest Reach" */ = {
			isa = XCConfigurationList;
			buildConfigurations = (
				05F728711E98148D003F21BE /* Debug */,
				05F728721E98148D003F21BE /* Release */,
			);
			defaultConfigurationIsVisible = 0;
		};
/* End XCConfigurationList section */
	};
	rootObject = 05F728611E98148D003F21BE /* Project object */;
}
